// !$*UTF8*$!
{
	archiveVersion = 1;
	classes = {
	};
	objectVersion = 51;
	objects = {

/* Begin PBXBuildFile section */
		84086A540BD8617621DFE3EF /* Pods_CountryFacts.framework in Frameworks */ = {isa = PBXBuildFile; fileRef = C492AD4682C8AE3715071D5B /* Pods_CountryFacts.framework */; };
		C7376D7D23B08E7900E50EFE /* AppDelegate.swift in Sources */ = {isa = PBXBuildFile; fileRef = C7376D7C23B08E7900E50EFE /* AppDelegate.swift */; };
		C7376D7F23B08E7A00E50EFE /* FactsViewController.swift in Sources */ = {isa = PBXBuildFile; fileRef = C7376D7E23B08E7A00E50EFE /* FactsViewController.swift */; };
		C7376D8423B08E7E00E50EFE /* Assets.xcassets in Resources */ = {isa = PBXBuildFile; fileRef = C7376D8323B08E7E00E50EFE /* Assets.xcassets */; };
		C7376D8723B08E7E00E50EFE /* LaunchScreen.storyboard in Resources */ = {isa = PBXBuildFile; fileRef = C7376D8523B08E7E00E50EFE /* LaunchScreen.storyboard */; };
		C7376D9223B08E7E00E50EFE /* CountryFactsTests.swift in Sources */ = {isa = PBXBuildFile; fileRef = C7376D9123B08E7E00E50EFE /* CountryFactsTests.swift */; };
		C7376D9D23B08E7E00E50EFE /* CountryFactsUITests.swift in Sources */ = {isa = PBXBuildFile; fileRef = C7376D9C23B08E7E00E50EFE /* CountryFactsUITests.swift */; };
		C7376DB223B094F600E50EFE /* CountryInfo.swift in Sources */ = {isa = PBXBuildFile; fileRef = C7376DB123B094F600E50EFE /* CountryInfo.swift */; };
		C7376DB323B094F600E50EFE /* CountryInfo.swift in Sources */ = {isa = PBXBuildFile; fileRef = C7376DB123B094F600E50EFE /* CountryInfo.swift */; };
		C7376DB423B094F600E50EFE /* CountryInfo.swift in Sources */ = {isa = PBXBuildFile; fileRef = C7376DB123B094F600E50EFE /* CountryInfo.swift */; };
		C7376DB623B0998900E50EFE /* FactsTableViewCell.swift in Sources */ = {isa = PBXBuildFile; fileRef = C7376DB523B0998900E50EFE /* FactsTableViewCell.swift */; };
		C7376DB723B0998900E50EFE /* FactsTableViewCell.swift in Sources */ = {isa = PBXBuildFile; fileRef = C7376DB523B0998900E50EFE /* FactsTableViewCell.swift */; };
		C7376DB823B0998900E50EFE /* FactsTableViewCell.swift in Sources */ = {isa = PBXBuildFile; fileRef = C7376DB523B0998900E50EFE /* FactsTableViewCell.swift */; };
		C7376DBA23B099E700E50EFE /* Extension.swift in Sources */ = {isa = PBXBuildFile; fileRef = C7376DB923B099E700E50EFE /* Extension.swift */; };
		C7376DBB23B099E700E50EFE /* Extension.swift in Sources */ = {isa = PBXBuildFile; fileRef = C7376DB923B099E700E50EFE /* Extension.swift */; };
		C7376DBC23B099E700E50EFE /* Extension.swift in Sources */ = {isa = PBXBuildFile; fileRef = C7376DB923B099E700E50EFE /* Extension.swift */; };
		C7376DBE23B09EF100E50EFE /* APIEngine.swift in Sources */ = {isa = PBXBuildFile; fileRef = C7376DBD23B09EF100E50EFE /* APIEngine.swift */; };
		C7376DBF23B09EF100E50EFE /* APIEngine.swift in Sources */ = {isa = PBXBuildFile; fileRef = C7376DBD23B09EF100E50EFE /* APIEngine.swift */; };
		C7376DC023B09EF100E50EFE /* APIEngine.swift in Sources */ = {isa = PBXBuildFile; fileRef = C7376DBD23B09EF100E50EFE /* APIEngine.swift */; };
		C7376DC223B09F0800E50EFE /* Route.swift in Sources */ = {isa = PBXBuildFile; fileRef = C7376DC123B09F0800E50EFE /* Route.swift */; };
		C7376DC323B09F0800E50EFE /* Route.swift in Sources */ = {isa = PBXBuildFile; fileRef = C7376DC123B09F0800E50EFE /* Route.swift */; };
		C7376DC423B09F0800E50EFE /* Route.swift in Sources */ = {isa = PBXBuildFile; fileRef = C7376DC123B09F0800E50EFE /* Route.swift */; };
		C7376DC623B0A7D700E50EFE /* CountryViewModel.swift in Sources */ = {isa = PBXBuildFile; fileRef = C7376DC523B0A7D700E50EFE /* CountryViewModel.swift */; };
		C7376DC723B0A7D700E50EFE /* CountryViewModel.swift in Sources */ = {isa = PBXBuildFile; fileRef = C7376DC523B0A7D700E50EFE /* CountryViewModel.swift */; };
		C7376DC823B0A7D700E50EFE /* CountryViewModel.swift in Sources */ = {isa = PBXBuildFile; fileRef = C7376DC523B0A7D700E50EFE /* CountryViewModel.swift */; };
		C7376DCA23B0B35300E50EFE /* FactView.swift in Sources */ = {isa = PBXBuildFile; fileRef = C7376DC923B0B35300E50EFE /* FactView.swift */; };
		C7376DCB23B0B35300E50EFE /* FactView.swift in Sources */ = {isa = PBXBuildFile; fileRef = C7376DC923B0B35300E50EFE /* FactView.swift */; };
		C7376DCC23B0B35300E50EFE /* FactView.swift in Sources */ = {isa = PBXBuildFile; fileRef = C7376DC923B0B35300E50EFE /* FactView.swift */; };
		C73B8E9423B1E8A100C93823 /* Constant.swift in Sources */ = {isa = PBXBuildFile; fileRef = C73B8E9323B1E8A100C93823 /* Constant.swift */; };
/* End PBXBuildFile section */

/* Begin PBXContainerItemProxy section */
		C7376D8E23B08E7E00E50EFE /* PBXContainerItemProxy */ = {
			isa = PBXContainerItemProxy;
			containerPortal = C7376D7123B08E7900E50EFE /* Project object */;
			proxyType = 1;
			remoteGlobalIDString = C7376D7823B08E7900E50EFE;
			remoteInfo = CountryFacts;
		};
		C7376D9923B08E7E00E50EFE /* PBXContainerItemProxy */ = {
			isa = PBXContainerItemProxy;
			containerPortal = C7376D7123B08E7900E50EFE /* Project object */;
			proxyType = 1;
			remoteGlobalIDString = C7376D7823B08E7900E50EFE;
			remoteInfo = CountryFacts;
		};
/* End PBXContainerItemProxy section */

/* Begin PBXFileReference section */
		9DEFDD6C7659D3AA9FE5D419 /* Pods-CountryFacts.debug.xcconfig */ = {isa = PBXFileReference; includeInIndex = 1; lastKnownFileType = text.xcconfig; name = "Pods-CountryFacts.debug.xcconfig"; path = "Target Support Files/Pods-CountryFacts/Pods-CountryFacts.debug.xcconfig"; sourceTree = "<group>"; };
		C0D68ED5029F795093DBCB9F /* Pods-CountryFacts.release.xcconfig */ = {isa = PBXFileReference; includeInIndex = 1; lastKnownFileType = text.xcconfig; name = "Pods-CountryFacts.release.xcconfig"; path = "Target Support Files/Pods-CountryFacts/Pods-CountryFacts.release.xcconfig"; sourceTree = "<group>"; };
		C492AD4682C8AE3715071D5B /* Pods_CountryFacts.framework */ = {isa = PBXFileReference; explicitFileType = wrapper.framework; includeInIndex = 0; path = Pods_CountryFacts.framework; sourceTree = BUILT_PRODUCTS_DIR; };
		C7376D7923B08E7900E50EFE /* CountryFacts.app */ = {isa = PBXFileReference; explicitFileType = wrapper.application; includeInIndex = 0; path = CountryFacts.app; sourceTree = BUILT_PRODUCTS_DIR; };
		C7376D7C23B08E7900E50EFE /* AppDelegate.swift */ = {isa = PBXFileReference; lastKnownFileType = sourcecode.swift; path = AppDelegate.swift; sourceTree = "<group>"; };
		C7376D7E23B08E7A00E50EFE /* FactsViewController.swift */ = {isa = PBXFileReference; lastKnownFileType = sourcecode.swift; path = FactsViewController.swift; sourceTree = "<group>"; };
		C7376D8323B08E7E00E50EFE /* Assets.xcassets */ = {isa = PBXFileReference; lastKnownFileType = folder.assetcatalog; path = Assets.xcassets; sourceTree = "<group>"; };
		C7376D8623B08E7E00E50EFE /* Base */ = {isa = PBXFileReference; lastKnownFileType = file.storyboard; name = Base; path = Base.lproj/LaunchScreen.storyboard; sourceTree = "<group>"; };
		C7376D8823B08E7E00E50EFE /* Info.plist */ = {isa = PBXFileReference; lastKnownFileType = text.plist.xml; path = Info.plist; sourceTree = "<group>"; };
		C7376D8D23B08E7E00E50EFE /* CountryFactsTests.xctest */ = {isa = PBXFileReference; explicitFileType = wrapper.cfbundle; includeInIndex = 0; path = CountryFactsTests.xctest; sourceTree = BUILT_PRODUCTS_DIR; };
		C7376D9123B08E7E00E50EFE /* CountryFactsTests.swift */ = {isa = PBXFileReference; lastKnownFileType = sourcecode.swift; path = CountryFactsTests.swift; sourceTree = "<group>"; };
		C7376D9323B08E7E00E50EFE /* Info.plist */ = {isa = PBXFileReference; lastKnownFileType = text.plist.xml; path = Info.plist; sourceTree = "<group>"; };
		C7376D9823B08E7E00E50EFE /* CountryFactsUITests.xctest */ = {isa = PBXFileReference; explicitFileType = wrapper.cfbundle; includeInIndex = 0; path = CountryFactsUITests.xctest; sourceTree = BUILT_PRODUCTS_DIR; };
		C7376D9C23B08E7E00E50EFE /* CountryFactsUITests.swift */ = {isa = PBXFileReference; lastKnownFileType = sourcecode.swift; path = CountryFactsUITests.swift; sourceTree = "<group>"; };
		C7376D9E23B08E7E00E50EFE /* Info.plist */ = {isa = PBXFileReference; lastKnownFileType = text.plist.xml; path = Info.plist; sourceTree = "<group>"; };
		C7376DB123B094F600E50EFE /* CountryInfo.swift */ = {isa = PBXFileReference; lastKnownFileType = sourcecode.swift; path = CountryInfo.swift; sourceTree = "<group>"; };
		C7376DB523B0998900E50EFE /* FactsTableViewCell.swift */ = {isa = PBXFileReference; lastKnownFileType = sourcecode.swift; path = FactsTableViewCell.swift; sourceTree = "<group>"; };
		C7376DB923B099E700E50EFE /* Extension.swift */ = {isa = PBXFileReference; lastKnownFileType = sourcecode.swift; path = Extension.swift; sourceTree = "<group>"; };
		C7376DBD23B09EF100E50EFE /* APIEngine.swift */ = {isa = PBXFileReference; lastKnownFileType = sourcecode.swift; path = APIEngine.swift; sourceTree = "<group>"; };
		C7376DC123B09F0800E50EFE /* Route.swift */ = {isa = PBXFileReference; lastKnownFileType = sourcecode.swift; path = Route.swift; sourceTree = "<group>"; };
		C7376DC523B0A7D700E50EFE /* CountryViewModel.swift */ = {isa = PBXFileReference; lastKnownFileType = sourcecode.swift; path = CountryViewModel.swift; sourceTree = "<group>"; };
		C7376DC923B0B35300E50EFE /* FactView.swift */ = {isa = PBXFileReference; lastKnownFileType = sourcecode.swift; path = FactView.swift; sourceTree = "<group>"; };
		C73B8E9323B1E8A100C93823 /* Constant.swift */ = {isa = PBXFileReference; lastKnownFileType = sourcecode.swift; path = Constant.swift; sourceTree = "<group>"; };
/* End PBXFileReference section */

/* Begin PBXFrameworksBuildPhase section */
		C7376D7623B08E7900E50EFE /* Frameworks */ = {
			isa = PBXFrameworksBuildPhase;
			buildActionMask = 2147483647;
			files = (
				84086A540BD8617621DFE3EF /* Pods_CountryFacts.framework in Frameworks */,
			);
			runOnlyForDeploymentPostprocessing = 0;
		};
		C7376D8A23B08E7E00E50EFE /* Frameworks */ = {
			isa = PBXFrameworksBuildPhase;
			buildActionMask = 2147483647;
			files = (
			);
			runOnlyForDeploymentPostprocessing = 0;
		};
		C7376D9523B08E7E00E50EFE /* Frameworks */ = {
			isa = PBXFrameworksBuildPhase;
			buildActionMask = 2147483647;
			files = (
			);
			runOnlyForDeploymentPostprocessing = 0;
		};
/* End PBXFrameworksBuildPhase section */

/* Begin PBXGroup section */
		1811F3FB772F444FF1382F1B /* Pods */ = {
			isa = PBXGroup;
			children = (
				9DEFDD6C7659D3AA9FE5D419 /* Pods-CountryFacts.debug.xcconfig */,
				C0D68ED5029F795093DBCB9F /* Pods-CountryFacts.release.xcconfig */,
			);
			path = Pods;
			sourceTree = "<group>";
		};
		71F5A275FBD8BFED398F9F7C /* Frameworks */ = {
			isa = PBXGroup;
			children = (
				C492AD4682C8AE3715071D5B /* Pods_CountryFacts.framework */,
			);
			name = Frameworks;
			sourceTree = "<group>";
		};
		C7376D7023B08E7900E50EFE = {
			isa = PBXGroup;
			children = (
				C7376D7B23B08E7900E50EFE /* CountryFacts */,
				C7376D9023B08E7E00E50EFE /* CountryFactsTests */,
				C7376D9B23B08E7E00E50EFE /* CountryFactsUITests */,
				C7376D7A23B08E7900E50EFE /* Products */,
				1811F3FB772F444FF1382F1B /* Pods */,
				71F5A275FBD8BFED398F9F7C /* Frameworks */,
			);
			sourceTree = "<group>";
		};
		C7376D7A23B08E7900E50EFE /* Products */ = {
			isa = PBXGroup;
			children = (
				C7376D7923B08E7900E50EFE /* CountryFacts.app */,
				C7376D8D23B08E7E00E50EFE /* CountryFactsTests.xctest */,
				C7376D9823B08E7E00E50EFE /* CountryFactsUITests.xctest */,
			);
			name = Products;
			sourceTree = "<group>";
		};
		C7376D7B23B08E7900E50EFE /* CountryFacts */ = {
			isa = PBXGroup;
			children = (
				C7376D7C23B08E7900E50EFE /* AppDelegate.swift */,
				C7376D8823B08E7E00E50EFE /* Info.plist */,
				C7376DAC23B0934800E50EFE /* Models */,
				C7376DAD23B0934800E50EFE /* Networking */,
				C7376DB023B093A000E50EFE /* Resources */,
				C7376DAF23B093A000E50EFE /* Utilitis */,
				C7376DAA23B0933B00E50EFE /* ViewControllers */,
				C7376DAE23B0934800E50EFE /* ViewModels */,
				C7376DAB23B0934800E50EFE /* Views */,
			);
			path = CountryFacts;
			sourceTree = "<group>";
		};
		C7376D9023B08E7E00E50EFE /* CountryFactsTests */ = {
			isa = PBXGroup;
			children = (
				C7376D9123B08E7E00E50EFE /* CountryFactsTests.swift */,
				C7376D9323B08E7E00E50EFE /* Info.plist */,
			);
			path = CountryFactsTests;
			sourceTree = "<group>";
		};
		C7376D9B23B08E7E00E50EFE /* CountryFactsUITests */ = {
			isa = PBXGroup;
			children = (
				C7376D9C23B08E7E00E50EFE /* CountryFactsUITests.swift */,
				C7376D9E23B08E7E00E50EFE /* Info.plist */,
			);
			path = CountryFactsUITests;
			sourceTree = "<group>";
		};
		C7376DAA23B0933B00E50EFE /* ViewControllers */ = {
			isa = PBXGroup;
			children = (
				C7376D7E23B08E7A00E50EFE /* FactsViewController.swift */,
			);
			path = ViewControllers;
			sourceTree = SOURCE_ROOT;
		};
		C7376DAB23B0934800E50EFE /* Views */ = {
			isa = PBXGroup;
			children = (
				C7376DB523B0998900E50EFE /* FactsTableViewCell.swift */,
				C7376DC923B0B35300E50EFE /* FactView.swift */,
			);
			path = Views;
			sourceTree = SOURCE_ROOT;
		};
		C7376DAC23B0934800E50EFE /* Models */ = {
			isa = PBXGroup;
			children = (
				C7376DB123B094F600E50EFE /* CountryInfo.swift */,
			);
			path = Models;
			sourceTree = SOURCE_ROOT;
		};
		C7376DAD23B0934800E50EFE /* Networking */ = {
			isa = PBXGroup;
			children = (
				C7376DBD23B09EF100E50EFE /* APIEngine.swift */,
				C7376DC123B09F0800E50EFE /* Route.swift */,
			);
			name = Networking;
			path = CountryFacts/Networking;
			sourceTree = SOURCE_ROOT;
		};
		C7376DAE23B0934800E50EFE /* ViewModels */ = {
			isa = PBXGroup;
			children = (
				C7376DC523B0A7D700E50EFE /* CountryViewModel.swift */,
			);
			path = ViewModels;
			sourceTree = SOURCE_ROOT;
		};
		C7376DAF23B093A000E50EFE /* Utilitis */ = {
			isa = PBXGroup;
			children = (
				C7376DB923B099E700E50EFE /* Extension.swift */,
				C73B8E9323B1E8A100C93823 /* Constant.swift */,
			);
			path = Utilitis;
			sourceTree = SOURCE_ROOT;
		};
		C7376DB023B093A000E50EFE /* Resources */ = {
			isa = PBXGroup;
			children = (
				C7376D8323B08E7E00E50EFE /* Assets.xcassets */,
				C7376D8523B08E7E00E50EFE /* LaunchScreen.storyboard */,
			);
			path = Resources;
			sourceTree = SOURCE_ROOT;
		};
/* End PBXGroup section */

/* Begin PBXNativeTarget section */
		C7376D7823B08E7900E50EFE /* CountryFacts */ = {
			isa = PBXNativeTarget;
			buildConfigurationList = C7376DA123B08E7E00E50EFE /* Build configuration list for PBXNativeTarget "CountryFacts" */;
			buildPhases = (
				AD7D88F7306EE48EDEAB9A59 /* [CP] Check Pods Manifest.lock */,
				C7376D7523B08E7900E50EFE /* Sources */,
				C7376D7623B08E7900E50EFE /* Frameworks */,
				C7376D7723B08E7900E50EFE /* Resources */,
				8458681431DA4C1FB978FF3F /* [CP] Embed Pods Frameworks */,
			);
			buildRules = (
			);
			dependencies = (
			);
			name = CountryFacts;
			productName = CountryFacts;
			productReference = C7376D7923B08E7900E50EFE /* CountryFacts.app */;
			productType = "com.apple.product-type.application";
		};
		C7376D8C23B08E7E00E50EFE /* CountryFactsTests */ = {
			isa = PBXNativeTarget;
			buildConfigurationList = C7376DA423B08E7E00E50EFE /* Build configuration list for PBXNativeTarget "CountryFactsTests" */;
			buildPhases = (
				C7376D8923B08E7E00E50EFE /* Sources */,
				C7376D8A23B08E7E00E50EFE /* Frameworks */,
				C7376D8B23B08E7E00E50EFE /* Resources */,
			);
			buildRules = (
			);
			dependencies = (
				C7376D8F23B08E7E00E50EFE /* PBXTargetDependency */,
			);
			name = CountryFactsTests;
			productName = CountryFactsTests;
			productReference = C7376D8D23B08E7E00E50EFE /* CountryFactsTests.xctest */;
			productType = "com.apple.product-type.bundle.unit-test";
		};
		C7376D9723B08E7E00E50EFE /* CountryFactsUITests */ = {
			isa = PBXNativeTarget;
			buildConfigurationList = C7376DA723B08E7E00E50EFE /* Build configuration list for PBXNativeTarget "CountryFactsUITests" */;
			buildPhases = (
				C7376D9423B08E7E00E50EFE /* Sources */,
				C7376D9523B08E7E00E50EFE /* Frameworks */,
				C7376D9623B08E7E00E50EFE /* Resources */,
			);
			buildRules = (
			);
			dependencies = (
				C7376D9A23B08E7E00E50EFE /* PBXTargetDependency */,
			);
			name = CountryFactsUITests;
			productName = CountryFactsUITests;
			productReference = C7376D9823B08E7E00E50EFE /* CountryFactsUITests.xctest */;
			productType = "com.apple.product-type.bundle.ui-testing";
		};
/* End PBXNativeTarget section */

/* Begin PBXProject section */
		C7376D7123B08E7900E50EFE /* Project object */ = {
			isa = PBXProject;
			attributes = {
				LastSwiftUpdateCheck = 1000;
				LastUpgradeCheck = 1000;
				ORGANIZATIONNAME = Accenture;
				TargetAttributes = {
					C7376D7823B08E7900E50EFE = {
						CreatedOnToolsVersion = 10.0;
					};
					C7376D8C23B08E7E00E50EFE = {
						CreatedOnToolsVersion = 10.0;
						TestTargetID = C7376D7823B08E7900E50EFE;
					};
					C7376D9723B08E7E00E50EFE = {
						CreatedOnToolsVersion = 10.0;
						TestTargetID = C7376D7823B08E7900E50EFE;
					};
				};
			};
			buildConfigurationList = C7376D7423B08E7900E50EFE /* Build configuration list for PBXProject "CountryFacts" */;
			compatibilityVersion = "Xcode 9.3";
			developmentRegion = en;
			hasScannedForEncodings = 0;
			knownRegions = (
				en,
				Base,
			);
			mainGroup = C7376D7023B08E7900E50EFE;
			productRefGroup = C7376D7A23B08E7900E50EFE /* Products */;
			projectDirPath = "";
			projectRoot = "";
			targets = (
				C7376D7823B08E7900E50EFE /* CountryFacts */,
				C7376D8C23B08E7E00E50EFE /* CountryFactsTests */,
				C7376D9723B08E7E00E50EFE /* CountryFactsUITests */,
			);
		};
/* End PBXProject section */

/* Begin PBXResourcesBuildPhase section */
		C7376D7723B08E7900E50EFE /* Resources */ = {
			isa = PBXResourcesBuildPhase;
			buildActionMask = 2147483647;
			files = (
				C7376D8723B08E7E00E50EFE /* LaunchScreen.storyboard in Resources */,
				C7376D8423B08E7E00E50EFE /* Assets.xcassets in Resources */,
			);
			runOnlyForDeploymentPostprocessing = 0;
		};
		C7376D8B23B08E7E00E50EFE /* Resources */ = {
			isa = PBXResourcesBuildPhase;
			buildActionMask = 2147483647;
			files = (
			);
			runOnlyForDeploymentPostprocessing = 0;
		};
		C7376D9623B08E7E00E50EFE /* Resources */ = {
			isa = PBXResourcesBuildPhase;
			buildActionMask = 2147483647;
			files = (
			);
			runOnlyForDeploymentPostprocessing = 0;
		};
/* End PBXResourcesBuildPhase section */

/* Begin PBXShellScriptBuildPhase section */
		8458681431DA4C1FB978FF3F /* [CP] Embed Pods Frameworks */ = {
			isa = PBXShellScriptBuildPhase;
			buildActionMask = 2147483647;
			files = (
			);
			inputFileListPaths = (
				"${PODS_ROOT}/Target Support Files/Pods-CountryFacts/Pods-CountryFacts-frameworks-${CONFIGURATION}-input-files.xcfilelist",
			);
			name = "[CP] Embed Pods Frameworks";
			outputFileListPaths = (
				"${PODS_ROOT}/Target Support Files/Pods-CountryFacts/Pods-CountryFacts-frameworks-${CONFIGURATION}-output-files.xcfilelist",
			);
			runOnlyForDeploymentPostprocessing = 0;
			shellPath = /bin/sh;
			shellScript = "\"${PODS_ROOT}/Target Support Files/Pods-CountryFacts/Pods-CountryFacts-frameworks.sh\"\n";
			showEnvVarsInLog = 0;
		};
		AD7D88F7306EE48EDEAB9A59 /* [CP] Check Pods Manifest.lock */ = {
			isa = PBXShellScriptBuildPhase;
			buildActionMask = 2147483647;
			files = (
			);
			inputFileListPaths = (
			);
			inputPaths = (
				"${PODS_PODFILE_DIR_PATH}/Podfile.lock",
				"${PODS_ROOT}/Manifest.lock",
			);
			name = "[CP] Check Pods Manifest.lock";
			outputFileListPaths = (
			);
			outputPaths = (
				"$(DERIVED_FILE_DIR)/Pods-CountryFacts-checkManifestLockResult.txt",
			);
			runOnlyForDeploymentPostprocessing = 0;
			shellPath = /bin/sh;
			shellScript = "diff \"${PODS_PODFILE_DIR_PATH}/Podfile.lock\" \"${PODS_ROOT}/Manifest.lock\" > /dev/null\nif [ $? != 0 ] ; then\n    # print error to STDERR\n    echo \"error: The sandbox is not in sync with the Podfile.lock. Run 'pod install' or update your CocoaPods installation.\" >&2\n    exit 1\nfi\n# This output is used by Xcode 'outputs' to avoid re-running this script phase.\necho \"SUCCESS\" > \"${SCRIPT_OUTPUT_FILE_0}\"\n";
			showEnvVarsInLog = 0;
		};
/* End PBXShellScriptBuildPhase section */

/* Begin PBXSourcesBuildPhase section */
		C7376D7523B08E7900E50EFE /* Sources */ = {
			isa = PBXSourcesBuildPhase;
			buildActionMask = 2147483647;
			files = (
				C7376DCA23B0B35300E50EFE /* FactView.swift in Sources */,
				C7376DC223B09F0800E50EFE /* Route.swift in Sources */,
				C7376DC623B0A7D700E50EFE /* CountryViewModel.swift in Sources */,
				C7376DBA23B099E700E50EFE /* Extension.swift in Sources */,
				C7376D7F23B08E7A00E50EFE /* FactsViewController.swift in Sources */,
				C7376D7D23B08E7900E50EFE /* AppDelegate.swift in Sources */,
				C7376DB223B094F600E50EFE /* CountryInfo.swift in Sources */,
				C73B8E9423B1E8A100C93823 /* Constant.swift in Sources */,
				C7376DBE23B09EF100E50EFE /* APIEngine.swift in Sources */,
				C7376DB623B0998900E50EFE /* FactsTableViewCell.swift in Sources */,
			);
			runOnlyForDeploymentPostprocessing = 0;
		};
		C7376D8923B08E7E00E50EFE /* Sources */ = {
			isa = PBXSourcesBuildPhase;
			buildActionMask = 2147483647;
			files = (
				C7376DC323B09F0800E50EFE /* Route.swift in Sources */,
				C7376DB723B0998900E50EFE /* FactsTableViewCell.swift in Sources */,
				C7376DCB23B0B35300E50EFE /* FactView.swift in Sources */,
				C7376DB323B094F600E50EFE /* CountryInfo.swift in Sources */,
				C7376DBF23B09EF100E50EFE /* APIEngine.swift in Sources */,
				C7376D9223B08E7E00E50EFE /* CountryFactsTests.swift in Sources */,
				C7376DC723B0A7D700E50EFE /* CountryViewModel.swift in Sources */,
				C7376DBB23B099E700E50EFE /* Extension.swift in Sources */,
			);
			runOnlyForDeploymentPostprocessing = 0;
		};
		C7376D9423B08E7E00E50EFE /* Sources */ = {
			isa = PBXSourcesBuildPhase;
			buildActionMask = 2147483647;
			files = (
				C7376DC423B09F0800E50EFE /* Route.swift in Sources */,
				C7376DB823B0998900E50EFE /* FactsTableViewCell.swift in Sources */,
				C7376DCC23B0B35300E50EFE /* FactView.swift in Sources */,
				C7376DB423B094F600E50EFE /* CountryInfo.swift in Sources */,
				C7376DC023B09EF100E50EFE /* APIEngine.swift in Sources */,
				C7376D9D23B08E7E00E50EFE /* CountryFactsUITests.swift in Sources */,
				C7376DC823B0A7D700E50EFE /* CountryViewModel.swift in Sources */,
				C7376DBC23B099E700E50EFE /* Extension.swift in Sources */,
			);
			runOnlyForDeploymentPostprocessing = 0;
		};
/* End PBXSourcesBuildPhase section */

/* Begin PBXTargetDependency section */
		C7376D8F23B08E7E00E50EFE /* PBXTargetDependency */ = {
			isa = PBXTargetDependency;
			target = C7376D7823B08E7900E50EFE /* CountryFacts */;
			targetProxy = C7376D8E23B08E7E00E50EFE /* PBXContainerItemProxy */;
		};
		C7376D9A23B08E7E00E50EFE /* PBXTargetDependency */ = {
			isa = PBXTargetDependency;
			target = C7376D7823B08E7900E50EFE /* CountryFacts */;
			targetProxy = C7376D9923B08E7E00E50EFE /* PBXContainerItemProxy */;
		};
/* End PBXTargetDependency section */

/* Begin PBXVariantGroup section */
		C7376D8523B08E7E00E50EFE /* LaunchScreen.storyboard */ = {
			isa = PBXVariantGroup;
			children = (
				C7376D8623B08E7E00E50EFE /* Base */,
			);
			name = LaunchScreen.storyboard;
			sourceTree = "<group>";
		};
/* End PBXVariantGroup section */

/* Begin XCBuildConfiguration section */
		C7376D9F23B08E7E00E50EFE /* Debug */ = {
			isa = XCBuildConfiguration;
			buildSettings = {
				ALWAYS_SEARCH_USER_PATHS = NO;
				CLANG_ANALYZER_NONNULL = YES;
				CLANG_ANALYZER_NUMBER_OBJECT_CONVERSION = YES_AGGRESSIVE;
				CLANG_CXX_LANGUAGE_STANDARD = "gnu++14";
				CLANG_CXX_LIBRARY = "libc++";
				CLANG_ENABLE_MODULES = YES;
				CLANG_ENABLE_OBJC_ARC = YES;
				CLANG_ENABLE_OBJC_WEAK = YES;
				CLANG_WARN_BLOCK_CAPTURE_AUTORELEASING = YES;
				CLANG_WARN_BOOL_CONVERSION = YES;
				CLANG_WARN_COMMA = YES;
				CLANG_WARN_CONSTANT_CONVERSION = YES;
				CLANG_WARN_DEPRECATED_OBJC_IMPLEMENTATIONS = YES;
				CLANG_WARN_DIRECT_OBJC_ISA_USAGE = YES_ERROR;
				CLANG_WARN_DOCUMENTATION_COMMENTS = YES;
				CLANG_WARN_EMPTY_BODY = YES;
				CLANG_WARN_ENUM_CONVERSION = YES;
				CLANG_WARN_INFINITE_RECURSION = YES;
				CLANG_WARN_INT_CONVERSION = YES;
				CLANG_WARN_NON_LITERAL_NULL_CONVERSION = YES;
				CLANG_WARN_OBJC_IMPLICIT_RETAIN_SELF = YES;
				CLANG_WARN_OBJC_LITERAL_CONVERSION = YES;
				CLANG_WARN_OBJC_ROOT_CLASS = YES_ERROR;
				CLANG_WARN_RANGE_LOOP_ANALYSIS = YES;
				CLANG_WARN_STRICT_PROTOTYPES = YES;
				CLANG_WARN_SUSPICIOUS_MOVE = YES;
				CLANG_WARN_UNGUARDED_AVAILABILITY = YES_AGGRESSIVE;
				CLANG_WARN_UNREACHABLE_CODE = YES;
				CLANG_WARN__DUPLICATE_METHOD_MATCH = YES;
				CODE_SIGN_IDENTITY = "iPhone Developer";
				COPY_PHASE_STRIP = NO;
				DEBUG_INFORMATION_FORMAT = dwarf;
				ENABLE_STRICT_OBJC_MSGSEND = YES;
				ENABLE_TESTABILITY = YES;
				GCC_C_LANGUAGE_STANDARD = gnu11;
				GCC_DYNAMIC_NO_PIC = NO;
				GCC_NO_COMMON_BLOCKS = YES;
				GCC_OPTIMIZATION_LEVEL = 0;
				GCC_PREPROCESSOR_DEFINITIONS = (
					"DEBUG=1",
					"$(inherited)",
				);
				GCC_WARN_64_TO_32_BIT_CONVERSION = YES;
				GCC_WARN_ABOUT_RETURN_TYPE = YES_ERROR;
				GCC_WARN_UNDECLARED_SELECTOR = YES;
				GCC_WARN_UNINITIALIZED_AUTOS = YES_AGGRESSIVE;
				GCC_WARN_UNUSED_FUNCTION = YES;
				GCC_WARN_UNUSED_VARIABLE = YES;
				IPHONEOS_DEPLOYMENT_TARGET = 11.0;
				MTL_ENABLE_DEBUG_INFO = INCLUDE_SOURCE;
				MTL_FAST_MATH = YES;
				ONLY_ACTIVE_ARCH = YES;
				SDKROOT = iphoneos;
				SWIFT_ACTIVE_COMPILATION_CONDITIONS = DEBUG;
				SWIFT_OPTIMIZATION_LEVEL = "-Onone";
			};
			name = Debug;
		};
		C7376DA023B08E7E00E50EFE /* Release */ = {
			isa = XCBuildConfiguration;
			buildSettings = {
				ALWAYS_SEARCH_USER_PATHS = NO;
				CLANG_ANALYZER_NONNULL = YES;
				CLANG_ANALYZER_NUMBER_OBJECT_CONVERSION = YES_AGGRESSIVE;
				CLANG_CXX_LANGUAGE_STANDARD = "gnu++14";
				CLANG_CXX_LIBRARY = "libc++";
				CLANG_ENABLE_MODULES = YES;
				CLANG_ENABLE_OBJC_ARC = YES;
				CLANG_ENABLE_OBJC_WEAK = YES;
				CLANG_WARN_BLOCK_CAPTURE_AUTORELEASING = YES;
				CLANG_WARN_BOOL_CONVERSION = YES;
				CLANG_WARN_COMMA = YES;
				CLANG_WARN_CONSTANT_CONVERSION = YES;
				CLANG_WARN_DEPRECATED_OBJC_IMPLEMENTATIONS = YES;
				CLANG_WARN_DIRECT_OBJC_ISA_USAGE = YES_ERROR;
				CLANG_WARN_DOCUMENTATION_COMMENTS = YES;
				CLANG_WARN_EMPTY_BODY = YES;
				CLANG_WARN_ENUM_CONVERSION = YES;
				CLANG_WARN_INFINITE_RECURSION = YES;
				CLANG_WARN_INT_CONVERSION = YES;
				CLANG_WARN_NON_LITERAL_NULL_CONVERSION = YES;
				CLANG_WARN_OBJC_IMPLICIT_RETAIN_SELF = YES;
				CLANG_WARN_OBJC_LITERAL_CONVERSION = YES;
				CLANG_WARN_OBJC_ROOT_CLASS = YES_ERROR;
				CLANG_WARN_RANGE_LOOP_ANALYSIS = YES;
				CLANG_WARN_STRICT_PROTOTYPES = YES;
				CLANG_WARN_SUSPICIOUS_MOVE = YES;
				CLANG_WARN_UNGUARDED_AVAILABILITY = YES_AGGRESSIVE;
				CLANG_WARN_UNREACHABLE_CODE = YES;
				CLANG_WARN__DUPLICATE_METHOD_MATCH = YES;
				CODE_SIGN_IDENTITY = "iPhone Developer";
				COPY_PHASE_STRIP = NO;
				DEBUG_INFORMATION_FORMAT = "dwarf-with-dsym";
				ENABLE_NS_ASSERTIONS = NO;
				ENABLE_STRICT_OBJC_MSGSEND = YES;
				GCC_C_LANGUAGE_STANDARD = gnu11;
				GCC_NO_COMMON_BLOCKS = YES;
				GCC_WARN_64_TO_32_BIT_CONVERSION = YES;
				GCC_WARN_ABOUT_RETURN_TYPE = YES_ERROR;
				GCC_WARN_UNDECLARED_SELECTOR = YES;
				GCC_WARN_UNINITIALIZED_AUTOS = YES_AGGRESSIVE;
				GCC_WARN_UNUSED_FUNCTION = YES;
				GCC_WARN_UNUSED_VARIABLE = YES;
				IPHONEOS_DEPLOYMENT_TARGET = 11.0;
				MTL_ENABLE_DEBUG_INFO = NO;
				MTL_FAST_MATH = YES;
				SDKROOT = iphoneos;
				SWIFT_COMPILATION_MODE = wholemodule;
				SWIFT_OPTIMIZATION_LEVEL = "-O";
				VALIDATE_PRODUCT = YES;
			};
			name = Release;
		};
		C7376DA223B08E7E00E50EFE /* Debug */ = {
			isa = XCBuildConfiguration;
			baseConfigurationReference = 9DEFDD6C7659D3AA9FE5D419 /* Pods-CountryFacts.debug.xcconfig */;
			buildSettings = {
				ASSETCATALOG_COMPILER_APPICON_NAME = AppIcon;
				CODE_SIGN_STYLE = Automatic;
				DEVELOPMENT_TEAM = SF7DB4V6DK;
				INFOPLIST_FILE = CountryFacts/Info.plist;
				IPHONEOS_DEPLOYMENT_TARGET = 11.0;
				LD_RUNPATH_SEARCH_PATHS = (
					"$(inherited)",
					"@executable_path/Frameworks",
				);
				PRODUCT_BUNDLE_IDENTIFIER = com.Accenture.CountryFacts;
				PRODUCT_NAME = "$(TARGET_NAME)";
				SWIFT_VERSION = 4.2;
				TARGETED_DEVICE_FAMILY = "1,2";
			};
			name = Debug;
		};
		C7376DA323B08E7E00E50EFE /* Release */ = {
			isa = XCBuildConfiguration;
			baseConfigurationReference = C0D68ED5029F795093DBCB9F /* Pods-CountryFacts.release.xcconfig */;
			buildSettings = {
				ASSETCATALOG_COMPILER_APPICON_NAME = AppIcon;
				CODE_SIGN_STYLE = Automatic;
				DEVELOPMENT_TEAM = SF7DB4V6DK;
				INFOPLIST_FILE = CountryFacts/Info.plist;
				IPHONEOS_DEPLOYMENT_TARGET = 11.0;
				LD_RUNPATH_SEARCH_PATHS = (
					"$(inherited)",
					"@executable_path/Frameworks",
				);
				PRODUCT_BUNDLE_IDENTIFIER = com.Accenture.CountryFacts;
				PRODUCT_NAME = "$(TARGET_NAME)";
				SWIFT_VERSION = 4.2;
				TARGETED_DEVICE_FAMILY = "1,2";
			};
			name = Release;
		};
		C7376DA523B08E7E00E50EFE /* Debug */ = {
			isa = XCBuildConfiguration;
			buildSettings = {
				ALWAYS_EMBED_SWIFT_STANDARD_LIBRARIES = YES;
				BUNDLE_LOADER = "$(TEST_HOST)";
				CODE_SIGN_STYLE = Automatic;
				DEVELOPMENT_TEAM = SF7DB4V6DK;
				INFOPLIST_FILE = CountryFactsTests/Info.plist;
				LD_RUNPATH_SEARCH_PATHS = (
					"$(inherited)",
					"@executable_path/Frameworks",
					"@loader_path/Frameworks",
				);
				PRODUCT_BUNDLE_IDENTIFIER = com.Accenture.CountryFactsTests;
				PRODUCT_NAME = "$(TARGET_NAME)";
				SWIFT_VERSION = 4.2;
				TARGETED_DEVICE_FAMILY = "1,2";
				TEST_HOST = "$(BUILT_PRODUCTS_DIR)/CountryFacts.app/CountryFacts";
			};
			name = Debug;
		};
		C7376DA623B08E7E00E50EFE /* Release */ = {
			isa = XCBuildConfiguration;
			buildSettings = {
				ALWAYS_EMBED_SWIFT_STANDARD_LIBRARIES = YES;
				BUNDLE_LOADER = "$(TEST_HOST)";
				CODE_SIGN_STYLE = Automatic;
				DEVELOPMENT_TEAM = SF7DB4V6DK;
				INFOPLIST_FILE = CountryFactsTests/Info.plist;
				LD_RUNPATH_SEARCH_PATHS = (
					"$(inherited)",
					"@executable_path/Frameworks",
					"@loader_path/Frameworks",
				);
				PRODUCT_BUNDLE_IDENTIFIER = com.Accenture.CountryFactsTests;
				PRODUCT_NAME = "$(TARGET_NAME)";
				SWIFT_VERSION = 4.2;
				TARGETED_DEVICE_FAMILY = "1,2";
				TEST_HOST = "$(BUILT_PRODUCTS_DIR)/CountryFacts.app/CountryFacts";
			};
			name = Release;
		};
		C7376DA823B08E7E00E50EFE /* Debug */ = {
			isa = XCBuildConfiguration;
			buildSettings = {
				ALWAYS_EMBED_SWIFT_STANDARD_LIBRARIES = YES;
				CODE_SIGN_STYLE = Automatic;
				DEVELOPMENT_TEAM = SF7DB4V6DK;
				INFOPLIST_FILE = CountryFactsUITests/Info.plist;
				LD_RUNPATH_SEARCH_PATHS = (
					"$(inherited)",
					"@executable_path/Frameworks",
					"@loader_path/Frameworks",
				);
				PRODUCT_BUNDLE_IDENTIFIER = com.Accenture.CountryFactsUITests;
				PRODUCT_NAME = "$(TARGET_NAME)";
				SWIFT_VERSION = 4.2;
				TARGETED_DEVICE_FAMILY = "1,2";
				TEST_TARGET_NAME = CountryFacts;
			};
			name = Debug;
		};
		C7376DA923B08E7E00E50EFE /* Release */ = {
			isa = XCBuildConfiguration;
			buildSettings = {
				ALWAYS_EMBED_SWIFT_STANDARD_LIBRARIES = YES;
				CODE_SIGN_STYLE = Automatic;
				DEVELOPMENT_TEAM = SF7DB4V6DK;
				INFOPLIST_FILE = CountryFactsUITests/Info.plist;
				LD_RUNPATH_SEARCH_PATHS = (
					"$(inherited)",
					"@executable_path/Frameworks",
					"@loader_path/Frameworks",
				);
				PRODUCT_BUNDLE_IDENTIFIER = com.Accenture.CountryFactsUITests;
				PRODUCT_NAME = "$(TARGET_NAME)";
				SWIFT_VERSION = 4.2;
				TARGETED_DEVICE_FAMILY = "1,2";
				TEST_TARGET_NAME = CountryFacts;
			};
			name = Release;
		};
/* End XCBuildConfiguration section */

/* Begin XCConfigurationList section */
		C7376D7423B08E7900E50EFE /* Build configuration list for PBXProject "CountryFacts" */ = {
			isa = XCConfigurationList;
			buildConfigurations = (
				C7376D9F23B08E7E00E50EFE /* Debug */,
				C7376DA023B08E7E00E50EFE /* Release */,
			);
			defaultConfigurationIsVisible = 0;
			defaultConfigurationName = Release;
		};
		C7376DA123B08E7E00E50EFE /* Build configuration list for PBXNativeTarget "CountryFacts" */ = {
			isa = XCConfigurationList;
			buildConfigurations = (
				C7376DA223B08E7E00E50EFE /* Debug */,
				C7376DA323B08E7E00E50EFE /* Release */,
			);
			defaultConfigurationIsVisible = 0;
			defaultConfigurationName = Release;
		};
		C7376DA423B08E7E00E50EFE /* Build configuration list for PBXNativeTarget "CountryFactsTests" */ = {
			isa = XCConfigurationList;
			buildConfigurations = (
				C7376DA523B08E7E00E50EFE /* Debug */,
				C7376DA623B08E7E00E50EFE /* Release */,
			);
			defaultConfigurationIsVisible = 0;
			defaultConfigurationName = Release;
		};
		C7376DA723B08E7E00E50EFE /* Build configuration list for PBXNativeTarget "CountryFactsUITests" */ = {
			isa = XCConfigurationList;
			buildConfigurations = (
				C7376DA823B08E7E00E50EFE /* Debug */,
				C7376DA923B08E7E00E50EFE /* Release */,
			);
			defaultConfigurationIsVisible = 0;
			defaultConfigurationName = Release;
		};
/* End XCConfigurationList section */
	};
	rootObject = C7376D7123B08E7900E50EFE /* Project object */;
}
